github.com/dolmen-go/jsonptr v0.0.0-20200427210345-20e1608f9d85 h1:UehF9pCOF1JiOLmeZavootTCuimvkW7N1wggjyW4S90=
github.com/dolmen-go/jsonptr v0.0.0-20200427210345-20e1608f9d85/go.mod h1:+6ZQtcQuiOH4ATMF+4885rhnE3FaM++MhE7m7vM302s=
gopkg.in/check.v1 v0.0.0-20161208181325-20d25e280405/go.mod h1:Co6ibVJAznAaIkqp8huTwlJQCZ016jof/cbN4VW5Yz0=
gopkg.in/yaml.v3 v3.0.0-20200504163728-5308cda29e3d h1:6bgL440VgqcwXl4vE9sB7DRHhANM+WO/1llfOXSU9ZM=
gopkg.in/yaml.v3 v3.0.0-20200504163728-5308cda29e3d/go.mod h1:K4uyk7z7BCEPqu6E+C64Yfv1cQ7kz7rIZviUmN+EgEM=
